{
  "lockfileVersion": 1,
  "configVersion": 1,
  "workspaces": {
    "": {
      "name": "projects-stripe-cli-turso-demo",
      "dependencies": {
        "@tursodatabase/serverless": "^1.2.0-pre.2",
      },
    },
  },
  "packages": {
    "@tursodatabase/serverless": ["@tursodatabase/serverless@1.2.0-pre.2", "", {}, "sha512-yxxLU1P6xeSATKrzg61JosiQmYlvjCx3AeNpkSL6NVs0wgPHr4eV8nH03nBhScSmax4lWlnnaRh8q3su1YrkPA=="],
  }
}
